
Microsoft Visual Studio Solution File, Format Version 12.00
# Visual Studio Version 16
VisualStudioVersion = 16.0.31129.286
MinimumVisualStudioVersion = 10.0.40219.1
Project("{FAE04EC0-301F-11D3-BF4B-00C04F79EFBC}") = "GithubActions", "GithubActions.csproj", "{9104E404-63B3-4F9D-BFB0-C140809202B0}"
EndProject
Global
	GlobalSection(SolutionConfigurationPlatforms) = preSolution
		Debug|Any CPU = Debug|Any CPU
		Release|Any CPU = Release|Any CPU
	EndGlobalSection
	GlobalSection(ProjectConfigurationPlatforms) = postSolution
		{9104E404-63B3-4F9D-BFB0-C140809202B0}.Debug|Any CPU.ActiveCfg = Debug|Any CPU
		{9104E404-63B3-4F9D-BFB0-C140809202B0}.Debug|Any CPU.Build.0 = Debug|Any CPU
		{9104E404-63B3-4F9D-BFB0-C140809202B0}.Release|Any CPU.ActiveCfg = Release|Any CPU
		{9104E404-63B3-4F9D-BFB0-C140809202B0}.Release|Any CPU.Build.0 = Release|Any CPU
	EndGlobalSection
	GlobalSection(SolutionProperties) = preSolution
		HideSolutionNode = FALSE
	EndGlobalSection
	GlobalSection(ExtensibilityGlobals) = postSolution
		SolutionGuid = {A71B9E82-A4C0-419B-A5DE-7C7C90DB5DAC}
	EndGlobalSection
EndGlobal
